
Microsoft Visual Studio Solution File, Format Version 12.00
# Visual Studio Version 16
VisualStudioVersion = 16.0.30104.148
MinimumVisualStudioVersion = 10.0.40219.1
Project("{FAE04EC0-301F-11D3-BF4B-00C04F79EFBC}") = "LS.Redis", "LS.Redis\LS.Redis.csproj", "{6E039478-CEF0-4E41-8E12-D4A6DD44612C}"
EndProject
Project("{E53339B2-1760-4266-BCC7-CA923CBCF16C}") = "docker-compose", "docker-compose.dcproj", "{44C6F5D6-9DDC-4A7F-8BAD-D7CC464B064A}"
EndProject
Global
	GlobalSection(SolutionConfigurationPlatforms) = preSolution
		Debug|Any CPU = Debug|Any CPU
		Release|Any CPU = Release|Any CPU
	EndGlobalSection
	GlobalSection(ProjectConfigurationPlatforms) = postSolution
		{6E039478-CEF0-4E41-8E12-D4A6DD44612C}.Debug|Any CPU.ActiveCfg = Debug|Any CPU
		{6E039478-CEF0-4E41-8E12-D4A6DD44612C}.Debug|Any CPU.Build.0 = Debug|Any CPU
		{6E039478-CEF0-4E41-8E12-D4A6DD44612C}.Release|Any CPU.ActiveCfg = Release|Any CPU
		{6E039478-CEF0-4E41-8E12-D4A6DD44612C}.Release|Any CPU.Build.0 = Release|Any CPU
		{44C6F5D6-9DDC-4A7F-8BAD-D7CC464B064A}.Debug|Any CPU.ActiveCfg = Debug|Any CPU
		{44C6F5D6-9DDC-4A7F-8BAD-D7CC464B064A}.Debug|Any CPU.Build.0 = Debug|Any CPU
		{44C6F5D6-9DDC-4A7F-8BAD-D7CC464B064A}.Release|Any CPU.ActiveCfg = Release|Any CPU
		{44C6F5D6-9DDC-4A7F-8BAD-D7CC464B064A}.Release|Any CPU.Build.0 = Release|Any CPU
	EndGlobalSection
	GlobalSection(SolutionProperties) = preSolution
		HideSolutionNode = FALSE
	EndGlobalSection
	GlobalSection(ExtensibilityGlobals) = postSolution
		SolutionGuid = {1C734022-14A1-43D4-8C20-8DF64C4E49C9}
	EndGlobalSection
EndGlobal
